{
    "name": "toxin",
    "version": "1.0.0",
    "lockfileVersion": 1,
    "requires": true,
    "dependencies": {
        "@babel/helper-validator-identifier": {
            "version": "7.15.7",
            "resolved": "https://registry.nlark.com/@babel/helper-validator-identifier/download/@babel/helper-validator-identifier-7.15.7.tgz",
            "integrity": "sha1-Ig35k7/pBKSmsCq08zhaXr9uI4k=",
            "dev": true
        },
        "@babel/parser": {
            "version": "7.15.8",
            "resolved": "https://registry.npmmirror.com/@babel/parser/download/@babel/parser-7.15.8.tgz?cache=0&sync_timestamp=1633553739004&other_urls=https%3A%2F%2Fregistry.npmmirror.com%2F%40babel%2Fparser%2Fdownload%2F%40babel%2Fparser-7.15.8.tgz",
            "integrity": "sha1-e6zcvnG9w/+TbVEMFdzqfPC5kBY=",
            "dev": true
        },
        "@babel/types": {
            "version": "7.15.6",
            "resolved": "https://registry.nlark.com/@babel/types/download/@babel/types-7.15.6.tgz",
            "integrity": "sha1-mavcSCGLKIHAWN0KerBbmcm+dY8=",
            "dev": true,
            "requires": {
                "@babel/helper-validator-identifier": "^7.14.9",
                "to-fast-properties": "^2.0.0"
            }
        },
        "acorn": {
            "version": "7.4.1",
            "resolved": "https://registry.nlark.com/acorn/download/acorn-7.4.1.tgz?cache=0&sync_timestamp=1630916517167&other_urls=https%3A%2F%2Fregistry.nlark.com%2Facorn%2Fdownload%2Facorn-7.4.1.tgz",
            "integrity": "sha1-/q7SVZc9LndVW4PbwIhRpsY1IPo=",
            "dev": true
        },
        "anymatch": {
            "version": "3.1.2",
            "resolved": "https://registry.npm.taobao.org/anymatch/download/anymatch-3.1.2.tgz?cache=0&sync_timestamp=1617747806715&other_urls=https%3A%2F%2Fregistry.npm.taobao.org%2Fanymatch%2Fdownload%2Fanymatch-3.1.2.tgz",
            "integrity": "sha1-wFV8CWrzLxBhmPT04qODU343hxY=",
            "dev": true,
            "requires": {
                "normalize-path": "^3.0.0",
                "picomatch": "^2.0.4"
            }
        },
        "asap": {
            "version": "2.0.6",
            "resolved": "https://registry.nlark.com/asap/download/asap-2.0.6.tgz",
            "integrity": "sha1-5QNHYR1+aQlDIIu9r+vLwvuGbUY=",
            "dev": true
        },
        "assert-never": {
            "version": "1.2.1",
            "resolved": "https://registry.npm.taobao.org/assert-never/download/assert-never-1.2.1.tgz",
            "integrity": "sha1-EfDjY78UYgX7CBk7XHuQ9NHPRP4=",
            "dev": true
        },
        "babel-walk": {
            "version": "3.0.0-canary-5",
            "resolved": "https://registry.npm.taobao.org/babel-walk/download/babel-walk-3.0.0-canary-5.tgz",
            "integrity": "sha1-9m7Ncpg1eu5ElV8jWm71QhkQSxE=",
            "dev": true,
            "requires": {
                "@babel/types": "^7.9.6"
            }
        },
        "binary-extensions": {
            "version": "2.2.0",
            "resolved": "https://registry.nlark.com/binary-extensions/download/binary-extensions-2.2.0.tgz",
            "integrity": "sha1-dfUC7q+f/eQvyYgpZFvk6na9ni0=",
            "dev": true
        },
        "braces": {
            "version": "3.0.2",
            "resolved": "https://registry.npm.taobao.org/braces/download/braces-3.0.2.tgz",
            "integrity": "sha1-NFThpGLujVmeI23zNs2epPiv4Qc=",
            "dev": true,
            "requires": {
                "fill-range": "^7.0.1"
            }
        },
        "call-bind": {
            "version": "1.0.2",
            "resolved": "https://registry.nlark.com/call-bind/download/call-bind-1.0.2.tgz",
            "integrity": "sha1-sdTonmiBGcPJqQOtMKuy9qkZvjw=",
            "dev": true,
            "requires": {
                "function-bind": "^1.1.1",
                "get-intrinsic": "^1.0.2"
            }
        },
        "character-parser": {
            "version": "2.2.0",
            "resolved": "https://registry.npm.taobao.org/character-parser/download/character-parser-2.2.0.tgz",
            "integrity": "sha1-x84o821LzZdE5f/CxfzeHHMmH8A=",
            "dev": true,
            "requires": {
                "is-regex": "^1.0.3"
            }
        },
        "chokidar": {
            "version": "3.5.2",
            "resolved": "https://registry.nlark.com/chokidar/download/chokidar-3.5.2.tgz",
            "integrity": "sha1-26OXb8rbAW9m/TZQIdkWANAcHnU=",
            "dev": true,
            "requires": {
                "anymatch": "~3.1.2",
                "braces": "~3.0.2",
                "fsevents": "~2.3.2",
                "glob-parent": "~5.1.2",
                "is-binary-path": "~2.1.0",
                "is-glob": "~4.0.1",
                "normalize-path": "~3.0.0",
                "readdirp": "~3.6.0"
            }
        },
        "constantinople": {
            "version": "4.0.1",
            "resolved": "https://registry.npm.taobao.org/constantinople/download/constantinople-4.0.1.tgz",
            "integrity": "sha1-De8RP6Dk3I3oMzGlz3nIsyUhMVE=",
            "dev": true,
            "requires": {
                "@babel/parser": "^7.6.0",
                "@babel/types": "^7.6.1"
            }
        },
        "doctypes": {
            "version": "1.1.0",
            "resolved": "https://registry.npm.taobao.org/doctypes/download/doctypes-1.1.0.tgz",
            "integrity": "sha1-6oCxBqh1OHdOijpKWv4pPeSJ4Kk=",
            "dev": true
        },
        "fill-range": {
            "version": "7.0.1",
            "resolved": "https://registry.npm.taobao.org/fill-range/download/fill-range-7.0.1.tgz",
            "integrity": "sha1-GRmmp8df44ssfHflGYU12prN2kA=",
            "dev": true,
            "requires": {
                "to-regex-range": "^5.0.1"
            }
        },
        "fsevents": {
            "version": "2.3.2",
            "resolved": "https://registry.npm.taobao.org/fsevents/download/fsevents-2.3.2.tgz?cache=0&sync_timestamp=1612536512306&other_urls=https%3A%2F%2Fregistry.npm.taobao.org%2Ffsevents%2Fdownload%2Ffsevents-2.3.2.tgz",
            "integrity": "sha1-ilJveLj99GI7cJ4Ll1xSwkwC/Ro=",
            "dev": true,
            "optional": true
        },
        "function-bind": {
            "version": "1.1.1",
            "resolved": "https://registry.npm.taobao.org/function-bind/download/function-bind-1.1.1.tgz",
            "integrity": "sha1-pWiZ0+o8m6uHS7l3O3xe3pL0iV0=",
            "dev": true
        },
        "get-intrinsic": {
            "version": "1.1.1",
            "resolved": "https://registry.npm.taobao.org/get-intrinsic/download/get-intrinsic-1.1.1.tgz",
            "integrity": "sha1-FfWfN2+FXERpY5SPDSTNNje0q8Y=",
            "dev": true,
            "requires": {
                "function-bind": "^1.1.1",
                "has": "^1.0.3",
                "has-symbols": "^1.0.1"
            }
        },
        "glob-parent": {
            "version": "5.1.2",
            "resolved": "https://registry.npmmirror.com/glob-parent/download/glob-parent-5.1.2.tgz",
            "integrity": "sha1-hpgyxYA0/mikCTwX3BXoNA2EAcQ=",
            "dev": true,
            "requires": {
                "is-glob": "^4.0.1"
            }
        },
        "has": {
            "version": "1.0.3",
            "resolved": "https://registry.npm.taobao.org/has/download/has-1.0.3.tgz",
            "integrity": "sha1-ci18v8H2qoJB8W3YFOAR4fQeh5Y=",
            "dev": true,
            "requires": {
                "function-bind": "^1.1.1"
            }
        },
        "has-symbols": {
            "version": "1.0.2",
            "resolved": "https://registry.npm.taobao.org/has-symbols/download/has-symbols-1.0.2.tgz?cache=0&sync_timestamp=1614443617831&other_urls=https%3A%2F%2Fregistry.npm.taobao.org%2Fhas-symbols%2Fdownload%2Fhas-symbols-1.0.2.tgz",
            "integrity": "sha1-Fl0wcMADCXUqEjakeTMeOsVvFCM=",
            "dev": true
        },
        "has-tostringtag": {
            "version": "1.0.0",
            "resolved": "https://registry.nlark.com/has-tostringtag/download/has-tostringtag-1.0.0.tgz?cache=0&sync_timestamp=1628196402801&other_urls=https%3A%2F%2Fregistry.nlark.com%2Fhas-tostringtag%2Fdownload%2Fhas-tostringtag-1.0.0.tgz",
            "integrity": "sha1-fhM4GKfTlHNPlB5zw9P5KR5liyU=",
            "dev": true,
            "requires": {
                "has-symbols": "^1.0.2"
            }
        },
        "is-binary-path": {
            "version": "2.1.0",
            "resolved": "https://registry.npm.taobao.org/is-binary-path/download/is-binary-path-2.1.0.tgz",
            "integrity": "sha1-6h9/O4DwZCNug0cPhsCcJU+0Wwk=",
            "dev": true,
            "requires": {
                "binary-extensions": "^2.0.0"
            }
        },
        "is-core-module": {
            "version": "2.8.0",
            "resolved": "https://registry.npmmirror.com/is-core-module/download/is-core-module-2.8.0.tgz?cache=0&sync_timestamp=1634236556561&other_urls=https%3A%2F%2Fregistry.npmmirror.com%2Fis-core-module%2Fdownload%2Fis-core-module-2.8.0.tgz",
            "integrity": "sha1-AyEzbD0JJeSX/Zf12VyxFKXM1Ug=",
            "dev": true,
            "requires": {
                "has": "^1.0.3"
            }
        },
        "is-expression": {
            "version": "4.0.0",
            "resolved": "https://registry.npm.taobao.org/is-expression/download/is-expression-4.0.0.tgz",
            "integrity": "sha1-wzFVliq/IdCv0lUlFNZ9LsFv0qs=",
            "dev": true,
            "requires": {
                "acorn": "^7.1.1",
                "object-assign": "^4.1.1"
            }
        },
        "is-extglob": {
            "version": "2.1.1",
            "resolved": "https://registry.npm.taobao.org/is-extglob/download/is-extglob-2.1.1.tgz",
            "integrity": "sha1-qIwCU1eR8C7TfHahueqXc8gz+MI=",
            "dev": true
        },
        "is-glob": {
            "version": "4.0.3",
            "resolved": "https://registry.npmmirror.com/is-glob/download/is-glob-4.0.3.tgz?cache=0&sync_timestamp=1632934505466&other_urls=https%3A%2F%2Fregistry.npmmirror.com%2Fis-glob%2Fdownload%2Fis-glob-4.0.3.tgz",
            "integrity": "sha1-ZPYeQsu7LuwgcanawLKLoeZdUIQ=",
            "dev": true,
            "requires": {
                "is-extglob": "^2.1.1"
            }
        },
        "is-number": {
            "version": "7.0.0",
            "resolved": "https://registry.npm.taobao.org/is-number/download/is-number-7.0.0.tgz",
            "integrity": "sha1-dTU0W4lnNNX4DE0GxQlVUnoU8Ss=",
            "dev": true
        },
        "is-promise": {
            "version": "2.2.2",
            "resolved": "https://registry.npm.taobao.org/is-promise/download/is-promise-2.2.2.tgz",
            "integrity": "sha1-OauVnMv5p3TPB597QMeib3YxNfE=",
            "dev": true
        },
        "is-regex": {
            "version": "1.1.4",
            "resolved": "https://registry.nlark.com/is-regex/download/is-regex-1.1.4.tgz?cache=0&sync_timestamp=1628221905423&other_urls=https%3A%2F%2Fregistry.nlark.com%2Fis-regex%2Fdownload%2Fis-regex-1.1.4.tgz",
            "integrity": "sha1-7vVmPNWfpMCuM5UFMj32hUuxWVg=",
            "dev": true,
            "requires": {
                "call-bind": "^1.0.2",
                "has-tostringtag": "^1.0.0"
            }
        },
        "js-stringify": {
            "version": "1.0.2",
            "resolved": "https://registry.npm.taobao.org/js-stringify/download/js-stringify-1.0.2.tgz",
            "integrity": "sha1-Fzb939lyTyijaCrcYjCufk6Weds=",
            "dev": true
        },
        "jstransformer": {
            "version": "1.0.0",
            "resolved": "https://registry.npm.taobao.org/jstransformer/download/jstransformer-1.0.0.tgz",
            "integrity": "sha1-7Yvwkh4vPx7U1cGkT2hwntJHIsM=",
            "dev": true,
            "requires": {
                "is-promise": "^2.0.0",
                "promise": "^7.0.1"
            }
        },
        "normalize-path": {
            "version": "3.0.0",
            "resolved": "https://registry.npm.taobao.org/normalize-path/download/normalize-path-3.0.0.tgz",
            "integrity": "sha1-Dc1p/yOhybEf0JeDFmRKA4ghamU=",
            "dev": true
        },
        "normalize.css": {
            "version": "8.0.1",
            "resolved": "https://registry.npm.taobao.org/normalize.css/download/normalize.css-8.0.1.tgz",
            "integrity": "sha1-m5iiCHOLnMJjTKrLxC0THJdIe/M="
        },
        "object-assign": {
            "version": "4.1.1",
            "resolved": "https://registry.nlark.com/object-assign/download/object-assign-4.1.1.tgz?cache=0&sync_timestamp=1618847148862&other_urls=https%3A%2F%2Fregistry.nlark.com%2Fobject-assign%2Fdownload%2Fobject-assign-4.1.1.tgz",
            "integrity": "sha1-IQmtx5ZYh8/AXLvUQsrIv7s2CGM=",
            "dev": true
        },
        "path-parse": {
            "version": "1.0.7",
            "resolved": "https://registry.nlark.com/path-parse/download/path-parse-1.0.7.tgz",
            "integrity": "sha1-+8EUtgykKzDZ2vWFjkvWi77bZzU=",
            "dev": true
        },
        "picomatch": {
            "version": "2.3.0",
            "resolved": "https://registry.nlark.com/picomatch/download/picomatch-2.3.0.tgz?cache=0&sync_timestamp=1621648229747&other_urls=https%3A%2F%2Fregistry.nlark.com%2Fpicomatch%2Fdownload%2Fpicomatch-2.3.0.tgz",
            "integrity": "sha1-8fBh3o9qS/AiiS4tEoI0+5gwKXI=",
            "dev": true
        },
        "promise": {
            "version": "7.3.1",
            "resolved": "https://registry.npm.taobao.org/promise/download/promise-7.3.1.tgz",
            "integrity": "sha1-BktyYCsY+Q8pGSuLG8QY/9Hr078=",
            "dev": true,
            "requires": {
                "asap": "~2.0.3"
            }
        },
        "pug": {
            "version": "3.0.2",
            "resolved": "https://registry.npm.taobao.org/pug/download/pug-3.0.2.tgz",
            "integrity": "sha1-81xxBzQ0VOQ7wnrg/3bHMbeOpTU=",
            "dev": true,
            "requires": {
                "pug-code-gen": "^3.0.2",
                "pug-filters": "^4.0.0",
                "pug-lexer": "^5.0.1",
                "pug-linker": "^4.0.0",
                "pug-load": "^3.0.0",
                "pug-parser": "^6.0.0",
                "pug-runtime": "^3.0.1",
                "pug-strip-comments": "^2.0.0"
            }
        },
        "pug-attrs": {
            "version": "3.0.0",
            "resolved": "https://registry.npm.taobao.org/pug-attrs/download/pug-attrs-3.0.0.tgz",
            "integrity": "sha1-sQRR4DSBZeMfrRzCPr3dncc0fEE=",
            "dev": true,
            "requires": {
                "constantinople": "^4.0.1",
                "js-stringify": "^1.0.2",
                "pug-runtime": "^3.0.0"
            }
        },
        "pug-code-gen": {
            "version": "3.0.2",
            "resolved": "https://registry.npm.taobao.org/pug-code-gen/download/pug-code-gen-3.0.2.tgz?cache=0&sync_timestamp=1614537861118&other_urls=https%3A%2F%2Fregistry.npm.taobao.org%2Fpug-code-gen%2Fdownload%2Fpug-code-gen-3.0.2.tgz",
            "integrity": "sha1-rRkPSUMTO/GGtguA3kgxAOEy4s4=",
            "dev": true,
            "requires": {
                "constantinople": "^4.0.1",
                "doctypes": "^1.1.0",
                "js-stringify": "^1.0.2",
                "pug-attrs": "^3.0.0",
                "pug-error": "^2.0.0",
                "pug-runtime": "^3.0.0",
                "void-elements": "^3.1.0",
                "with": "^7.0.0"
            }
        },
        "pug-error": {
            "version": "2.0.0",
            "resolved": "https://registry.npm.taobao.org/pug-error/download/pug-error-2.0.0.tgz",
            "integrity": "sha1-XGIXPLCcNN4qLOBPF7it/sdNjKU=",
            "dev": true
        },
        "pug-filters": {
            "version": "4.0.0",
            "resolved": "https://registry.npm.taobao.org/pug-filters/download/pug-filters-4.0.0.tgz",
            "integrity": "sha1-0+Sa9bqEcum3pm2YDnB86dLMm14=",
            "dev": true,
            "requires": {
                "constantinople": "^4.0.1",
                "jstransformer": "1.0.0",
                "pug-error": "^2.0.0",
                "pug-walk": "^2.0.0",
                "resolve": "^1.15.1"
            }
        },
        "pug-lexer": {
            "version": "5.0.1",
            "resolved": "https://registry.npm.taobao.org/pug-lexer/download/pug-lexer-5.0.1.tgz",
            "integrity": "sha1-rkRijFvvmxkLZlaDsojKkCS4sNU=",
            "dev": true,
            "requires": {
                "character-parser": "^2.2.0",
                "is-expression": "^4.0.0",
                "pug-error": "^2.0.0"
            }
        },
        "pug-linker": {
            "version": "4.0.0",
            "resolved": "https://registry.npm.taobao.org/pug-linker/download/pug-linker-4.0.0.tgz",
            "integrity": "sha1-EsvAWU/Fo+Brn8Web5PBRpYqdwg=",
            "dev": true,
            "requires": {
                "pug-error": "^2.0.0",
                "pug-walk": "^2.0.0"
            }
        },
        "pug-load": {
            "version": "3.0.0",
            "resolved": "https://registry.npm.taobao.org/pug-load/download/pug-load-3.0.0.tgz",
            "integrity": "sha1-n9nNpSICsIrbEdJWgfufNL1BtmI=",
            "dev": true,
            "requires": {
                "object-assign": "^4.1.1",
                "pug-walk": "^2.0.0"
            }
        },
        "pug-parser": {
            "version": "6.0.0",
            "resolved": "https://registry.npm.taobao.org/pug-parser/download/pug-parser-6.0.0.tgz",
            "integrity": "sha1-qP3ANYY6lbLB3F6/Ts+AtOdqEmA=",
            "dev": true,
            "requires": {
                "pug-error": "^2.0.0",
                "token-stream": "1.0.0"
            }
        },
        "pug-runtime": {
            "version": "3.0.1",
            "resolved": "https://registry.npm.taobao.org/pug-runtime/download/pug-runtime-3.0.1.tgz",
            "integrity": "sha1-9jaXYgRyPzWoxfb61qzaKhkbg9c=",
            "dev": true
        },
        "pug-strip-comments": {
            "version": "2.0.0",
            "resolved": "https://registry.npm.taobao.org/pug-strip-comments/download/pug-strip-comments-2.0.0.tgz",
            "integrity": "sha1-+UsH/WtJVSMzD0kKf1VLT/h2MD4=",
            "dev": true,
            "requires": {
                "pug-error": "^2.0.0"
            }
        },
        "pug-walk": {
            "version": "2.0.0",
            "resolved": "https://registry.npm.taobao.org/pug-walk/download/pug-walk-2.0.0.tgz",
            "integrity": "sha1-QXqrwpIyu0SZtbUGmistKiTV9f4=",
            "dev": true
        },
        "readdirp": {
            "version": "3.6.0",
            "resolved": "https://registry.npm.taobao.org/readdirp/download/readdirp-3.6.0.tgz",
            "integrity": "sha1-dKNwvYVxFuJFspzJc0DNQxoCpsc=",
            "dev": true,
            "requires": {
                "picomatch": "^2.2.1"
            }
        },
        "resolve": {
            "version": "1.20.0",
            "resolved": "https://registry.npm.taobao.org/resolve/download/resolve-1.20.0.tgz",
            "integrity": "sha1-YpoBP7P3B1XW8LeTXMHCxTeLGXU=",
            "dev": true,
            "requires": {
                "is-core-module": "^2.2.0",
                "path-parse": "^1.0.6"
            }
        },
        "sass": {
            "version": "1.43.3",
            "resolved": "https://registry.npmmirror.com/sass/download/sass-1.43.3.tgz",
            "integrity": "sha1-qhamkTG4TwzSMYmiQlceiQXxzkM=",
            "dev": true,
            "requires": {
                "chokidar": ">=3.0.0 <4.0.0"
            }
        },
        "to-fast-properties": {
            "version": "2.0.0",
            "resolved": "https://registry.nlark.com/to-fast-properties/download/to-fast-properties-2.0.0.tgz?cache=0&sync_timestamp=1628418855671&other_urls=https%3A%2F%2Fregistry.nlark.com%2Fto-fast-properties%2Fdownload%2Fto-fast-properties-2.0.0.tgz",
            "integrity": "sha1-3F5pjL0HkmW8c+A3doGk5Og/YW4=",
            "dev": true
        },
        "to-regex-range": {
            "version": "5.0.1",
            "resolved": "https://registry.npm.taobao.org/to-regex-range/download/to-regex-range-5.0.1.tgz",
            "integrity": "sha1-FkjESq58jZiKMmAY7XL1tN0DkuQ=",
            "dev": true,
            "requires": {
                "is-number": "^7.0.0"
            }
        },
        "token-stream": {
            "version": "1.0.0",
            "resolved": "https://registry.npm.taobao.org/token-stream/download/token-stream-1.0.0.tgz",
            "integrity": "sha1-zCAOqyYT9BZtJ/+a/HylbUnfbrQ=",
            "dev": true
        },
        "void-elements": {
            "version": "3.1.0",
            "resolved": "https://registry.npm.taobao.org/void-elements/download/void-elements-3.1.0.tgz",
            "integrity": "sha1-YU9/v42AHwu18GYfWy9XhXUOTwk=",
            "dev": true
        },
        "with": {
            "version": "7.0.2",
            "resolved": "https://registry.npm.taobao.org/with/download/with-7.0.2.tgz",
            "integrity": "sha1-zO461ULSVTinp6gKrSErmChJW6w=",
            "dev": true,
            "requires": {
                "@babel/parser": "^7.9.6",
                "@babel/types": "^7.9.6",
                "assert-never": "^1.2.1",
                "babel-walk": "3.0.0-canary-5"
            }
        }
    }
}
